
Microsoft Visual Studio Solution File, Format Version 12.00
# Visual Studio 15
Project("{FAE04EC0-301F-11D3-BF4B-00C04F79EFBC}") = "Assembly-CSharp", "Assembly-CSharp.csproj", "{7788A406-2339-5DBC-FED1-33FF6A34F5D7}"
EndProject
Project("{FAE04EC0-301F-11D3-BF4B-00C04F79EFBC}") = "Assembly-CSharp-Editor", "Assembly-CSharp-Editor.csproj", "{CBA8B626-8448-2705-C26A-13B47D8FC986}"
EndProject
Global
	GlobalSection(SolutionConfigurationPlatforms) = preSolution
		Debug|Any CPU = Debug|Any CPU
		Release|Any CPU = Release|Any CPU
	EndGlobalSection
	GlobalSection(ProjectConfigurationPlatforms) = postSolution
		{7788A406-2339-5DBC-FED1-33FF6A34F5D7}.Debug|Any CPU.ActiveCfg = Debug|Any CPU
		{7788A406-2339-5DBC-FED1-33FF6A34F5D7}.Debug|Any CPU.Build.0 = Debug|Any CPU
		{7788A406-2339-5DBC-FED1-33FF6A34F5D7}.Release|Any CPU.ActiveCfg = Release|Any CPU
		{7788A406-2339-5DBC-FED1-33FF6A34F5D7}.Release|Any CPU.Build.0 = Release|Any CPU
		{CBA8B626-8448-2705-C26A-13B47D8FC986}.Debug|Any CPU.ActiveCfg = Debug|Any CPU
		{CBA8B626-8448-2705-C26A-13B47D8FC986}.Debug|Any CPU.Build.0 = Debug|Any CPU
		{CBA8B626-8448-2705-C26A-13B47D8FC986}.Release|Any CPU.ActiveCfg = Release|Any CPU
		{CBA8B626-8448-2705-C26A-13B47D8FC986}.Release|Any CPU.Build.0 = Release|Any CPU
	EndGlobalSection
	GlobalSection(SolutionProperties) = preSolution
		HideSolutionNode = FALSE
	EndGlobalSection
EndGlobal
